<?xml version="1.0" encoding="utf-8"?>
<Project ToolsVersion="4.0" xmlns="http://schemas.microsoft.com/developer/msbuild/2003">
  <ItemGroup>
    <Filter Include="template code">
      <UniqueIdentifier>{bf32dd6e-4be7-4889-8ac6-49e7ee163c40}</UniqueIdentifier>
    </Filter>
    <Filter Include="bvh">
      <UniqueIdentifier>{18c9850d-2151-451c-8dbe-101c0cdfc930}</UniqueIdentifier>
    </Filter>
    <Filter Include="model">
      <UniqueIdentifier>{72aed585-5e22-4992-8d7d-8314f67bbe1c}</UniqueIdentifier>
    </Filter>
  </ItemGroup>
  <ItemGroup>
    <ClCompile Include="src\game.cpp" />
    <ClCompile Include="src\template\surface.cpp">
      <Filter>template code</Filter>
    </ClCompile>
    <ClCompile Include="src\template\template.cpp">
      <Filter>template code</Filter>
    </ClCompile>
    <ClCompile Include="src\template\threads.cpp">
      <Filter>template code</Filter>
    </ClCompile>
    <ClCompile Include="src\camera.cpp" />
    <ClCompile Include="src\scene.cpp" />
    <ClCompile Include="src\raytracer.cpp" />
    <ClCompile Include="src\light.cpp" />
    <ClCompile Include="src\gloutput.cpp" />
    <ClCompile Include="src\mesh.cpp">
      <Filter>model</Filter>
    </ClCompile>
    <ClCompile Include="src\top_bvh.cpp">
      <Filter>bvh</Filter>
    </ClCompile>
    <ClCompile Include="src\binned_bvh.cpp">
      <Filter>bvh</Filter>
    </ClCompile>
    <ClCompile Include="src\mesh_sequence.cpp">
      <Filter>model</Filter>
    </ClCompile>
    <ClCompile Include="src\bvh_test.cpp">
      <Filter>bvh</Filter>
    </ClCompile>
    <ClCompile Include="src\sbvh.cpp">
      <Filter>bvh</Filter>
    </ClCompile>
    <ClCompile Include="src\texture.cpp" />
    <ClCompile Include="src\refit_bvh.cpp">
      <Filter>bvh</Filter>
    </ClCompile>
    <ClCompile Include="src\fast_binned_bvh.cpp">
      <Filter>bvh</Filter>
    </ClCompile>
  </ItemGroup>
  <ItemGroup>
    <ClInclude Include="src\game.h" />
    <ClInclude Include="src\template\surface.h">
      <Filter>template code</Filter>
    </ClInclude>
    <ClInclude Include="src\template\template.h">
      <Filter>template code</Filter>
    </ClInclude>
    <ClInclude Include="src\template\threads.h">
      <Filter>template code</Filter>
    </ClInclude>
    <ClInclude Include="src\camera.h" />
    <ClInclude Include="src\scene.h" />
    <ClInclude Include="src\shapes.h" />
    <ClInclude Include="src\transform.h" />
    <ClInclude Include="src\types.h" />
    <ClInclude Include="src\ray.h" />
    <ClInclude Include="src\raytracer.h" />
    <ClInclude Include="src\light.h" />
    <ClInclude Include="src\gloutput.h" />
    <ClInclude Include="src\pixel.h" />
    <ClInclude Include="src\template\includes.h">
      <Filter>template code</Filter>
    </ClInclude>
    <ClInclude Include="src\mesh.h">
      <Filter>model</Filter>
    </ClInclude>
    <ClInclude Include="src\aabb.h">
      <Filter>bvh</Filter>
    </ClInclude>
    <ClInclude Include="src\bvh_nodes.h">
      <Filter>bvh</Filter>
    </ClInclude>
    <ClInclude Include="src\top_bvh.h">
      <Filter>bvh</Filter>
    </ClInclude>
    <ClInclude Include="src\binned_bvh.h">
      <Filter>bvh</Filter>
    </ClInclude>
    <ClInclude Include="src\material.h">
      <Filter>model</Filter>
    </ClInclude>
    <ClInclude Include="src\vertices.h">
      <Filter>model</Filter>
    </ClInclude>
    <ClInclude Include="src\imesh.h">
      <Filter>model</Filter>
    </ClInclude>
    <ClInclude Include="src\mesh_sequence.h">
      <Filter>model</Filter>
    </ClInclude>
    <ClInclude Include="src\bvh_test.h">
      <Filter>bvh</Filter>
    </ClInclude>
    <ClInclude Include="src\sbvh.h">
      <Filter>bvh</Filter>
    </ClInclude>
    <ClInclude Include="src\texture.h" />
    <ClInclude Include="src\refit_bvh.h">
      <Filter>bvh</Filter>
    </ClInclude>
    <ClInclude Include="src\fast_binned_bvh.h">
      <Filter>bvh</Filter>
    </ClInclude>
    <ClInclude Include="src\template\cl12.hpp">
      <Filter>template code</Filter>
    </ClInclude>
    <ClInclude Include="src\template\cl2.hpp">
      <Filter>template code</Filter>
    </ClInclude>
  </ItemGroup>
</Project>