<?xml version="1.0" encoding="utf-8"?>
<Project ToolsVersion="4.0" xmlns="http://schemas.microsoft.com/developer/msbuild/2003">
  <ItemGroup>
    <Filter Include="template code">
      <UniqueIdentifier>{bf32dd6e-4be7-4889-8ac6-49e7ee163c40}</UniqueIdentifier>
    </Filter>
  </ItemGroup>
  <ItemGroup>
    <ClCompile Include="src\game.cpp" />
    <ClCompile Include="src\template\surface.cpp">
      <Filter>template code</Filter>
    </ClCompile>
    <ClCompile Include="src\template\template.cpp">
      <Filter>template code</Filter>
    </ClCompile>
    <ClCompile Include="src\template\threads.cpp">
      <Filter>template code</Filter>
    </ClCompile>
    <ClCompile Include="src\camera.cpp" />
    <ClCompile Include="src\shapes.cpp" />
    <ClCompile Include="src\scene.cpp" />
    <ClCompile Include="src\raytracer.cpp" />
    <ClCompile Include="src\light.cpp" />
    <ClCompile Include="src\gloutput.cpp" />
    <ClCompile Include="src\mesh.cpp" />
    <ClCompile Include="src\Texture.cpp" />
  </ItemGroup>
  <ItemGroup>
    <ClInclude Include="src\game.h" />
    <ClInclude Include="src\template\surface.h">
      <Filter>template code</Filter>
    </ClInclude>
    <ClInclude Include="src\template\template.h">
      <Filter>template code</Filter>
    </ClInclude>
    <ClInclude Include="src\template\threads.h">
      <Filter>template code</Filter>
    </ClInclude>
    <ClInclude Include="src\camera.h" />
    <ClInclude Include="src\material.h" />
    <ClInclude Include="src\scene.h" />
    <ClInclude Include="src\shapes.h" />
    <ClInclude Include="src\transform.h" />
    <ClInclude Include="src\types.h" />
    <ClInclude Include="src\ray.h" />
    <ClInclude Include="src\raytracer.h" />
    <ClInclude Include="src\light.h" />
    <ClInclude Include="src\template\cl.hpp">
      <Filter>template code</Filter>
    </ClInclude>
    <ClInclude Include="src\gloutput.h" />
    <ClInclude Include="src\pixel.h" />
    <ClInclude Include="src\template\includes.h">
      <Filter>template code</Filter>
    </ClInclude>
    <ClInclude Include="src\mesh.h" />
    <ClInclude Include="src\Texture.h" />
  </ItemGroup>
</Project>